
Microsoft Visual Studio Solution File, Format Version 12.00
# Visual Studio Version 17
VisualStudioVersion = 17.11.35312.102
MinimumVisualStudioVersion = 10.0.40219.1
Project("{FAE04EC0-301F-11D3-BF4B-00C04F79EFBC}") = "proyecto-calculadora", "proyecto-calculadora\proyecto-calculadora.csproj", "{AB809150-4007-46EB-A714-F71790695529}"
EndProject
Global
	GlobalSection(SolutionConfigurationPlatforms) = preSolution
		Debug|Any CPU = Debug|Any CPU
		Release|Any CPU = Release|Any CPU
	EndGlobalSection
	GlobalSection(ProjectConfigurationPlatforms) = postSolution
		{AB809150-4007-46EB-A714-F71790695529}.Debug|Any CPU.ActiveCfg = Debug|Any CPU
		{AB809150-4007-46EB-A714-F71790695529}.Debug|Any CPU.Build.0 = Debug|Any CPU
		{AB809150-4007-46EB-A714-F71790695529}.Release|Any CPU.ActiveCfg = Release|Any CPU
		{AB809150-4007-46EB-A714-F71790695529}.Release|Any CPU.Build.0 = Release|Any CPU
	EndGlobalSection
	GlobalSection(SolutionProperties) = preSolution
		HideSolutionNode = FALSE
	EndGlobalSection
	GlobalSection(ExtensibilityGlobals) = postSolution
		SolutionGuid = {B701D182-9CE6-424B-9CFC-C765BD0101FF}
	EndGlobalSection
EndGlobal
